{
  "requires": true,
  "lockfileVersion": 1,
  "dependencies": {
    "node-os-utils": {
      "version": "1.3.0",
      "resolved": "https://registry.npmjs.org/node-os-utils/-/node-os-utils-1.3.0.tgz",
      "integrity": "sha512-1nA/jJ7JIT94BD/zCDFnU7GKbtSGJ7Cpbk/hCZcHLWTsERRtR8osnbnDZdT3Z8ZV7ugP38iYls6eGZfyA8M98A=="
    }
  }
}
